%{"cowlib": {:hex, :cowlib, "1.3.0", "6c80ca7f2863c0d7a21c946312baf473432b56a79e46e20bc27a3bac07c40439", [:make], []},
  "excheck": {:hex, :excheck, "0.5.0", "90e55d33563af6680b000d200b56d48aa2c00619b701ca294fcf71ded60fd75f", [:mix], []},
  "gen_stage": {:hex, :gen_stage, "0.5.0", "758068f3a81286e342a609d668e9624714c2e4d43cc26699ead04d1680fde6c6", [:mix], []},
  "gun": {:hex, :gun, "1.0.0-pre.1", "28514327a7572234633e127c1c14c5d91991bc26ec16d3707f05962a31f0c1b5", [:rebar, :make], [{:cowlib, "1.3.0", [hex: :cowlib, optional: false]}, {:ranch, "1.1.0", [hex: :ranch, optional: false]}]},
  "ranch": {:hex, :ranch, "1.1.0", "f7ed6d97db8c2a27cca85cacbd543558001fc5a355e93a7bff1e9a9065a8545b", [:make], []},
  "triq": {:git, "https://github.com/triqng/triq.git", "491d6e3dd7788fda8f6d913eb20fb3b8461a0b02", []},
  "tube": {:hex, :tube, "0.1.1", "5cde42a9e3786549b790955fa69c1ff7ca0b60fddeeb7823aa6db037fce6bfaa", [:mix], []}}
